
Microsoft Visual Studio Solution File, Format Version 12.00
# Visual Studio Version 17
VisualStudioVersion = 17.5.33627.172
MinimumVisualStudioVersion = 10.0.40219.1
Project("{FAE04EC0-301F-11D3-BF4B-00C04F79EFBC}") = "MyLibrary", "MyLibrary\MyLibrary.csproj", "{292F192D-ED3C-42E5-BA16-4D31176B517B}"
EndProject
Project("{FAE04EC0-301F-11D3-BF4B-00C04F79EFBC}") = "SchoolMgtApp", "SchoolMgtApp\SchoolMgtApp.csproj", "{F714273B-8F5B-4F6C-B71F-4731F71A25B2}"
	ProjectSection(ProjectDependencies) = postProject
		{292F192D-ED3C-42E5-BA16-4D31176B517B} = {292F192D-ED3C-42E5-BA16-4D31176B517B}
	EndProjectSection
EndProject
Global
	GlobalSection(SolutionConfigurationPlatforms) = preSolution
		Debug|Any CPU = Debug|Any CPU
		Release|Any CPU = Release|Any CPU
	EndGlobalSection
	GlobalSection(ProjectConfigurationPlatforms) = postSolution
		{292F192D-ED3C-42E5-BA16-4D31176B517B}.Debug|Any CPU.ActiveCfg = Debug|Any CPU
		{292F192D-ED3C-42E5-BA16-4D31176B517B}.Debug|Any CPU.Build.0 = Debug|Any CPU
		{292F192D-ED3C-42E5-BA16-4D31176B517B}.Release|Any CPU.ActiveCfg = Release|Any CPU
		{292F192D-ED3C-42E5-BA16-4D31176B517B}.Release|Any CPU.Build.0 = Release|Any CPU
		{F714273B-8F5B-4F6C-B71F-4731F71A25B2}.Debug|Any CPU.ActiveCfg = Debug|Any CPU
		{F714273B-8F5B-4F6C-B71F-4731F71A25B2}.Debug|Any CPU.Build.0 = Debug|Any CPU
		{F714273B-8F5B-4F6C-B71F-4731F71A25B2}.Release|Any CPU.ActiveCfg = Release|Any CPU
		{F714273B-8F5B-4F6C-B71F-4731F71A25B2}.Release|Any CPU.Build.0 = Release|Any CPU
	EndGlobalSection
	GlobalSection(SolutionProperties) = preSolution
		HideSolutionNode = FALSE
	EndGlobalSection
	GlobalSection(ExtensibilityGlobals) = postSolution
		SolutionGuid = {63D580F1-6F52-457F-AF38-74D956FE2C4A}
	EndGlobalSection
EndGlobal
